{
  "name": "civiform",
  "lockfileVersion": 3,
  "requires": true,
  "packages": {
    "": {
      "dependencies": {
        "htmx-ext-response-targets": "^2.0.3"
      }
    },
    "node_modules/htmx-ext-response-targets": {
      "version": "2.0.3",
      "resolved": "https://registry.npmjs.org/htmx-ext-response-targets/-/htmx-ext-response-targets-2.0.3.tgz",
      "integrity": "sha512-glfxJolnRohvqVZcjixo6SRvyHgoEN4LffDVSJndWJHzDu6Mo8F3boKCIVYPaOyfohnGyqZfd6nxH3QqrBonRQ==",
      "dependencies": {
        "htmx.org": "^2.0.2"
      }
    },
    "node_modules/htmx.org": {
      "version": "2.0.7",
      "resolved": "https://registry.npmjs.org/htmx.org/-/htmx.org-2.0.7.tgz",
      "integrity": "sha512-YiJqF3U5KyO28VC5mPfehKJPF+n1Gni+cupK+D69TF0nm7wY6AXn3a4mPWIikfAXtl1u1F1+ZhSCS7KT8pVmqA==",
      "license": "0BSD"
    }
  }
}
